// !$*UTF8*$!
{
	archiveVersion = 1;
	classes = {
	};
	objectVersion = 56;
	objects = {

/* Begin PBXBuildFile section */
		4994772229F1318D00FC4E3C /* AppDelegate.swift in Sources */ = {isa = PBXBuildFile; fileRef = 4994772129F1318D00FC4E3C /* AppDelegate.swift */; };
		4994772629F1318D00FC4E3C /* ViewController.swift in Sources */ = {isa = PBXBuildFile; fileRef = 4994772529F1318D00FC4E3C /* ViewController.swift */; };
		4994772B29F1318D00FC4E3C /* Assets.xcassets in Resources */ = {isa = PBXBuildFile; fileRef = 4994772A29F1318D00FC4E3C /* Assets.xcassets */; };
		4994772E29F1318D00FC4E3C /* LaunchScreen.storyboard in Resources */ = {isa = PBXBuildFile; fileRef = 4994772C29F1318D00FC4E3C /* LaunchScreen.storyboard */; };
		4994773929F1318E00FC4E3C /* GithubActionsTests.swift in Sources */ = {isa = PBXBuildFile; fileRef = 4994773829F1318E00FC4E3C /* GithubActionsTests.swift */; };
		4994775629F132C200FC4E3C /* Constant.swift in Sources */ = {isa = PBXBuildFile; fileRef = 4994775529F132C200FC4E3C /* Constant.swift */; };
/* End PBXBuildFile section */

/* Begin PBXContainerItemProxy section */
		4994773529F1318E00FC4E3C /* PBXContainerItemProxy */ = {
			isa = PBXContainerItemProxy;
			containerPortal = 4994771629F1318D00FC4E3C /* Project object */;
			proxyType = 1;
			remoteGlobalIDString = 4994771D29F1318D00FC4E3C;
			remoteInfo = GithubActions;
		};
/* End PBXContainerItemProxy section */

/* Begin PBXFileReference section */
		4994771E29F1318D00FC4E3C /* GithubActions.app */ = {isa = PBXFileReference; explicitFileType = wrapper.application; includeInIndex = 0; path = GithubActions.app; sourceTree = BUILT_PRODUCTS_DIR; };
		4994772129F1318D00FC4E3C /* AppDelegate.swift */ = {isa = PBXFileReference; lastKnownFileType = sourcecode.swift; path = AppDelegate.swift; sourceTree = "<group>"; };
		4994772529F1318D00FC4E3C /* ViewController.swift */ = {isa = PBXFileReference; lastKnownFileType = sourcecode.swift; path = ViewController.swift; sourceTree = "<group>"; };
		4994772A29F1318D00FC4E3C /* Assets.xcassets */ = {isa = PBXFileReference; lastKnownFileType = folder.assetcatalog; path = Assets.xcassets; sourceTree = "<group>"; };
		4994772D29F1318D00FC4E3C /* Base */ = {isa = PBXFileReference; lastKnownFileType = file.storyboard; name = Base; path = Base.lproj/LaunchScreen.storyboard; sourceTree = "<group>"; };
		4994772F29F1318D00FC4E3C /* Info.plist */ = {isa = PBXFileReference; lastKnownFileType = text.plist.xml; path = Info.plist; sourceTree = "<group>"; };
		4994773429F1318E00FC4E3C /* GithubActionsTests.xctest */ = {isa = PBXFileReference; explicitFileType = wrapper.cfbundle; includeInIndex = 0; path = GithubActionsTests.xctest; sourceTree = BUILT_PRODUCTS_DIR; };
		4994773829F1318E00FC4E3C /* GithubActionsTests.swift */ = {isa = PBXFileReference; lastKnownFileType = sourcecode.swift; path = GithubActionsTests.swift; sourceTree = "<group>"; };
		4994775529F132C200FC4E3C /* Constant.swift */ = {isa = PBXFileReference; lastKnownFileType = sourcecode.swift; path = Constant.swift; sourceTree = "<group>"; };
/* End PBXFileReference section */

/* Begin PBXFrameworksBuildPhase section */
		4994771B29F1318D00FC4E3C /* Frameworks */ = {
			isa = PBXFrameworksBuildPhase;
			buildActionMask = 2147483647;
			files = (
			);
			runOnlyForDeploymentPostprocessing = 0;
		};
		4994773129F1318E00FC4E3C /* Frameworks */ = {
			isa = PBXFrameworksBuildPhase;
			buildActionMask = 2147483647;
			files = (
			);
			runOnlyForDeploymentPostprocessing = 0;
		};
/* End PBXFrameworksBuildPhase section */

/* Begin PBXGroup section */
		4994771529F1318D00FC4E3C = {
			isa = PBXGroup;
			children = (
				4994772029F1318D00FC4E3C /* GithubActions */,
				4994773729F1318E00FC4E3C /* GithubActionsTests */,
				4994771F29F1318D00FC4E3C /* Products */,
			);
			sourceTree = "<group>";
		};
		4994771F29F1318D00FC4E3C /* Products */ = {
			isa = PBXGroup;
			children = (
				4994771E29F1318D00FC4E3C /* GithubActions.app */,
				4994773429F1318E00FC4E3C /* GithubActionsTests.xctest */,
			);
			name = Products;
			sourceTree = "<group>";
		};
		4994772029F1318D00FC4E3C /* GithubActions */ = {
			isa = PBXGroup;
			children = (
				4994775429F131C100FC4E3C /* Resources */,
				4994775329F131BA00FC4E3C /* Sources */,
				4994775129F131AE00FC4E3C /* SupportingFile */,
			);
			path = GithubActions;
			sourceTree = "<group>";
		};
		4994773729F1318E00FC4E3C /* GithubActionsTests */ = {
			isa = PBXGroup;
			children = (
				4994773829F1318E00FC4E3C /* GithubActionsTests.swift */,
			);
			path = GithubActionsTests;
			sourceTree = "<group>";
		};
		4994775129F131AE00FC4E3C /* SupportingFile */ = {
			isa = PBXGroup;
			children = (
				4994772F29F1318D00FC4E3C /* Info.plist */,
			);
			path = SupportingFile;
			sourceTree = "<group>";
		};
		4994775329F131BA00FC4E3C /* Sources */ = {
			isa = PBXGroup;
			children = (
				4994772129F1318D00FC4E3C /* AppDelegate.swift */,
				4994772529F1318D00FC4E3C /* ViewController.swift */,
				4994775529F132C200FC4E3C /* Constant.swift */,
			);
			path = Sources;
			sourceTree = "<group>";
		};
		4994775429F131C100FC4E3C /* Resources */ = {
			isa = PBXGroup;
			children = (
				4994772A29F1318D00FC4E3C /* Assets.xcassets */,
				4994772C29F1318D00FC4E3C /* LaunchScreen.storyboard */,
			);
			path = Resources;
			sourceTree = "<group>";
		};
/* End PBXGroup section */

/* Begin PBXNativeTarget section */
		4994771D29F1318D00FC4E3C /* GithubActions */ = {
			isa = PBXNativeTarget;
			buildConfigurationList = 4994774829F1318E00FC4E3C /* Build configuration list for PBXNativeTarget "GithubActions" */;
			buildPhases = (
				4994771A29F1318D00FC4E3C /* Sources */,
				4994771B29F1318D00FC4E3C /* Frameworks */,
				4994771C29F1318D00FC4E3C /* Resources */,
			);
			buildRules = (
			);
			dependencies = (
			);
			name = GithubActions;
			productName = GithubActions;
			productReference = 4994771E29F1318D00FC4E3C /* GithubActions.app */;
			productType = "com.apple.product-type.application";
		};
		4994773329F1318E00FC4E3C /* GithubActionsTests */ = {
			isa = PBXNativeTarget;
			buildConfigurationList = 4994774B29F1318E00FC4E3C /* Build configuration list for PBXNativeTarget "GithubActionsTests" */;
			buildPhases = (
				4994773029F1318E00FC4E3C /* Sources */,
				4994773129F1318E00FC4E3C /* Frameworks */,
				4994773229F1318E00FC4E3C /* Resources */,
			);
			buildRules = (
			);
			dependencies = (
				4994773629F1318E00FC4E3C /* PBXTargetDependency */,
			);
			name = GithubActionsTests;
			productName = GithubActionsTests;
			productReference = 4994773429F1318E00FC4E3C /* GithubActionsTests.xctest */;
			productType = "com.apple.product-type.bundle.unit-test";
		};
/* End PBXNativeTarget section */

/* Begin PBXProject section */
		4994771629F1318D00FC4E3C /* Project object */ = {
			isa = PBXProject;
			attributes = {
				BuildIndependentTargetsInParallel = 1;
				LastSwiftUpdateCheck = 1430;
				LastUpgradeCheck = 1430;
				TargetAttributes = {
					4994771D29F1318D00FC4E3C = {
						CreatedOnToolsVersion = 14.3;
					};
					4994773329F1318E00FC4E3C = {
						CreatedOnToolsVersion = 14.3;
						TestTargetID = 4994771D29F1318D00FC4E3C;
					};
				};
			};
			buildConfigurationList = 4994771929F1318D00FC4E3C /* Build configuration list for PBXProject "GithubActions" */;
			compatibilityVersion = "Xcode 14.0";
			developmentRegion = en;
			hasScannedForEncodings = 0;
			knownRegions = (
				en,
				Base,
			);
			mainGroup = 4994771529F1318D00FC4E3C;
			productRefGroup = 4994771F29F1318D00FC4E3C /* Products */;
			projectDirPath = "";
			projectRoot = "";
			targets = (
				4994771D29F1318D00FC4E3C /* GithubActions */,
				4994773329F1318E00FC4E3C /* GithubActionsTests */,
			);
		};
/* End PBXProject section */

/* Begin PBXResourcesBuildPhase section */
		4994771C29F1318D00FC4E3C /* Resources */ = {
			isa = PBXResourcesBuildPhase;
			buildActionMask = 2147483647;
			files = (
				4994772E29F1318D00FC4E3C /* LaunchScreen.storyboard in Resources */,
				4994772B29F1318D00FC4E3C /* Assets.xcassets in Resources */,
			);
			runOnlyForDeploymentPostprocessing = 0;
		};
		4994773229F1318E00FC4E3C /* Resources */ = {
			isa = PBXResourcesBuildPhase;
			buildActionMask = 2147483647;
			files = (
			);
			runOnlyForDeploymentPostprocessing = 0;
		};
/* End PBXResourcesBuildPhase section */

/* Begin PBXSourcesBuildPhase section */
		4994771A29F1318D00FC4E3C /* Sources */ = {
			isa = PBXSourcesBuildPhase;
			buildActionMask = 2147483647;
			files = (
				4994772629F1318D00FC4E3C /* ViewController.swift in Sources */,
				4994772229F1318D00FC4E3C /* AppDelegate.swift in Sources */,
				4994775629F132C200FC4E3C /* Constant.swift in Sources */,
			);
			runOnlyForDeploymentPostprocessing = 0;
		};
		4994773029F1318E00FC4E3C /* Sources */ = {
			isa = PBXSourcesBuildPhase;
			buildActionMask = 2147483647;
			files = (
				4994773929F1318E00FC4E3C /* GithubActionsTests.swift in Sources */,
			);
			runOnlyForDeploymentPostprocessing = 0;
		};
/* End PBXSourcesBuildPhase section */

/* Begin PBXTargetDependency section */
		4994773629F1318E00FC4E3C /* PBXTargetDependency */ = {
			isa = PBXTargetDependency;
			target = 4994771D29F1318D00FC4E3C /* GithubActions */;
			targetProxy = 4994773529F1318E00FC4E3C /* PBXContainerItemProxy */;
		};
/* End PBXTargetDependency section */

/* Begin PBXVariantGroup section */
		4994772C29F1318D00FC4E3C /* LaunchScreen.storyboard */ = {
			isa = PBXVariantGroup;
			children = (
				4994772D29F1318D00FC4E3C /* Base */,
			);
			name = LaunchScreen.storyboard;
			sourceTree = "<group>";
		};
/* End PBXVariantGroup section */

/* Begin XCBuildConfiguration section */
		4994774629F1318E00FC4E3C /* Debug */ = {
			isa = XCBuildConfiguration;
			buildSettings = {
				ALWAYS_SEARCH_USER_PATHS = NO;
				CLANG_ANALYZER_NONNULL = YES;
				CLANG_ANALYZER_NUMBER_OBJECT_CONVERSION = YES_AGGRESSIVE;
				CLANG_CXX_LANGUAGE_STANDARD = "gnu++20";
				CLANG_ENABLE_MODULES = YES;
				CLANG_ENABLE_OBJC_ARC = YES;
				CLANG_ENABLE_OBJC_WEAK = YES;
				CLANG_WARN_BLOCK_CAPTURE_AUTORELEASING = YES;
				CLANG_WARN_BOOL_CONVERSION = YES;
				CLANG_WARN_COMMA = YES;
				CLANG_WARN_CONSTANT_CONVERSION = YES;
				CLANG_WARN_DEPRECATED_OBJC_IMPLEMENTATIONS = YES;
				CLANG_WARN_DIRECT_OBJC_ISA_USAGE = YES_ERROR;
				CLANG_WARN_DOCUMENTATION_COMMENTS = YES;
				CLANG_WARN_EMPTY_BODY = YES;
				CLANG_WARN_ENUM_CONVERSION = YES;
				CLANG_WARN_INFINITE_RECURSION = YES;
				CLANG_WARN_INT_CONVERSION = YES;
				CLANG_WARN_NON_LITERAL_NULL_CONVERSION = YES;
				CLANG_WARN_OBJC_IMPLICIT_RETAIN_SELF = YES;
				CLANG_WARN_OBJC_LITERAL_CONVERSION = YES;
				CLANG_WARN_OBJC_ROOT_CLASS = YES_ERROR;
				CLANG_WARN_QUOTED_INCLUDE_IN_FRAMEWORK_HEADER = YES;
				CLANG_WARN_RANGE_LOOP_ANALYSIS = YES;
				CLANG_WARN_STRICT_PROTOTYPES = YES;
				CLANG_WARN_SUSPICIOUS_MOVE = YES;
				CLANG_WARN_UNGUARDED_AVAILABILITY = YES_AGGRESSIVE;
				CLANG_WARN_UNREACHABLE_CODE = YES;
				CLANG_WARN__DUPLICATE_METHOD_MATCH = YES;
				COPY_PHASE_STRIP = NO;
				DEBUG_INFORMATION_FORMAT = dwarf;
				ENABLE_STRICT_OBJC_MSGSEND = YES;
				ENABLE_TESTABILITY = YES;
				GCC_C_LANGUAGE_STANDARD = gnu11;
				GCC_DYNAMIC_NO_PIC = NO;
				GCC_NO_COMMON_BLOCKS = YES;
				GCC_OPTIMIZATION_LEVEL = 0;
				GCC_PREPROCESSOR_DEFINITIONS = (
					"DEBUG=1",
					"$(inherited)",
				);
				GCC_WARN_64_TO_32_BIT_CONVERSION = YES;
				GCC_WARN_ABOUT_RETURN_TYPE = YES_ERROR;
				GCC_WARN_UNDECLARED_SELECTOR = YES;
				GCC_WARN_UNINITIALIZED_AUTOS = YES_AGGRESSIVE;
				GCC_WARN_UNUSED_FUNCTION = YES;
				GCC_WARN_UNUSED_VARIABLE = YES;
				IPHONEOS_DEPLOYMENT_TARGET = 16.4;
				MTL_ENABLE_DEBUG_INFO = INCLUDE_SOURCE;
				MTL_FAST_MATH = YES;
				ONLY_ACTIVE_ARCH = YES;
				SDKROOT = iphoneos;
				SWIFT_ACTIVE_COMPILATION_CONDITIONS = DEBUG;
				SWIFT_OPTIMIZATION_LEVEL = "-Onone";
			};
			name = Debug;
		};
		4994774729F1318E00FC4E3C /* Release */ = {
			isa = XCBuildConfiguration;
			buildSettings = {
				ALWAYS_SEARCH_USER_PATHS = NO;
				CLANG_ANALYZER_NONNULL = YES;
				CLANG_ANALYZER_NUMBER_OBJECT_CONVERSION = YES_AGGRESSIVE;
				CLANG_CXX_LANGUAGE_STANDARD = "gnu++20";
				CLANG_ENABLE_MODULES = YES;
				CLANG_ENABLE_OBJC_ARC = YES;
				CLANG_ENABLE_OBJC_WEAK = YES;
				CLANG_WARN_BLOCK_CAPTURE_AUTORELEASING = YES;
				CLANG_WARN_BOOL_CONVERSION = YES;
				CLANG_WARN_COMMA = YES;
				CLANG_WARN_CONSTANT_CONVERSION = YES;
				CLANG_WARN_DEPRECATED_OBJC_IMPLEMENTATIONS = YES;
				CLANG_WARN_DIRECT_OBJC_ISA_USAGE = YES_ERROR;
				CLANG_WARN_DOCUMENTATION_COMMENTS = YES;
				CLANG_WARN_EMPTY_BODY = YES;
				CLANG_WARN_ENUM_CONVERSION = YES;
				CLANG_WARN_INFINITE_RECURSION = YES;
				CLANG_WARN_INT_CONVERSION = YES;
				CLANG_WARN_NON_LITERAL_NULL_CONVERSION = YES;
				CLANG_WARN_OBJC_IMPLICIT_RETAIN_SELF = YES;
				CLANG_WARN_OBJC_LITERAL_CONVERSION = YES;
				CLANG_WARN_OBJC_ROOT_CLASS = YES_ERROR;
				CLANG_WARN_QUOTED_INCLUDE_IN_FRAMEWORK_HEADER = YES;
				CLANG_WARN_RANGE_LOOP_ANALYSIS = YES;
				CLANG_WARN_STRICT_PROTOTYPES = YES;
				CLANG_WARN_SUSPICIOUS_MOVE = YES;
				CLANG_WARN_UNGUARDED_AVAILABILITY = YES_AGGRESSIVE;
				CLANG_WARN_UNREACHABLE_CODE = YES;
				CLANG_WARN__DUPLICATE_METHOD_MATCH = YES;
				COPY_PHASE_STRIP = NO;
				DEBUG_INFORMATION_FORMAT = "dwarf-with-dsym";
				ENABLE_NS_ASSERTIONS = NO;
				ENABLE_STRICT_OBJC_MSGSEND = YES;
				GCC_C_LANGUAGE_STANDARD = gnu11;
				GCC_NO_COMMON_BLOCKS = YES;
				GCC_WARN_64_TO_32_BIT_CONVERSION = YES;
				GCC_WARN_ABOUT_RETURN_TYPE = YES_ERROR;
				GCC_WARN_UNDECLARED_SELECTOR = YES;
				GCC_WARN_UNINITIALIZED_AUTOS = YES_AGGRESSIVE;
				GCC_WARN_UNUSED_FUNCTION = YES;
				GCC_WARN_UNUSED_VARIABLE = YES;
				IPHONEOS_DEPLOYMENT_TARGET = 16.4;
				MTL_ENABLE_DEBUG_INFO = NO;
				MTL_FAST_MATH = YES;
				SDKROOT = iphoneos;
				SWIFT_COMPILATION_MODE = wholemodule;
				SWIFT_OPTIMIZATION_LEVEL = "-O";
				VALIDATE_PRODUCT = YES;
			};
			name = Release;
		};
		4994774929F1318E00FC4E3C /* Debug */ = {
			isa = XCBuildConfiguration;
			buildSettings = {
				ASSETCATALOG_COMPILER_APPICON_NAME = AppIcon;
				ASSETCATALOG_COMPILER_GLOBAL_ACCENT_COLOR_NAME = AccentColor;
				CODE_SIGN_STYLE = Automatic;
				CREATE_INFOPLIST_SECTION_IN_BINARY = NO;
				CURRENT_PROJECT_VERSION = 1;
				DEVELOPMENT_TEAM = VGKKY4727B;
				GENERATE_INFOPLIST_FILE = NO;
				INFOPLIST_FILE = GithubActions/SupportingFile/Info.plist;
				INFOPLIST_KEY_UIApplicationSupportsIndirectInputEvents = YES;
				INFOPLIST_KEY_UILaunchStoryboardName = LaunchScreen;
				INFOPLIST_KEY_UISupportedInterfaceOrientations = UIInterfaceOrientationPortrait;
				INFOPLIST_KEY_UISupportedInterfaceOrientations_iPad = "UIInterfaceOrientationLandscapeLeft UIInterfaceOrientationLandscapeRight UIInterfaceOrientationPortrait UIInterfaceOrientationPortraitUpsideDown";
				IPHONEOS_DEPLOYMENT_TARGET = 16.0;
				LD_RUNPATH_SEARCH_PATHS = (
					"$(inherited)",
					"@executable_path/Frameworks",
				);
				MARKETING_VERSION = 1.0;
				PRODUCT_BUNDLE_IDENTIFIER = "ajy.github-actions";
				PRODUCT_NAME = "$(TARGET_NAME)";
				SUPPORTED_PLATFORMS = "iphoneos iphonesimulator";
				SUPPORTS_MACCATALYST = NO;
				SUPPORTS_MAC_DESIGNED_FOR_IPHONE_IPAD = YES;
				SWIFT_EMIT_LOC_STRINGS = YES;
				SWIFT_VERSION = 5.0;
				TARGETED_DEVICE_FAMILY = 1;
			};
			name = Debug;
		};
		4994774A29F1318E00FC4E3C /* Release */ = {
			isa = XCBuildConfiguration;
			buildSettings = {
				ASSETCATALOG_COMPILER_APPICON_NAME = AppIcon;
				ASSETCATALOG_COMPILER_GLOBAL_ACCENT_COLOR_NAME = AccentColor;
				CODE_SIGN_STYLE = Automatic;
				CREATE_INFOPLIST_SECTION_IN_BINARY = NO;
				CURRENT_PROJECT_VERSION = 1;
				DEVELOPMENT_TEAM = VGKKY4727B;
				GENERATE_INFOPLIST_FILE = NO;
				INFOPLIST_FILE = GithubActions/SupportingFile/Info.plist;
				INFOPLIST_KEY_UIApplicationSupportsIndirectInputEvents = YES;
				INFOPLIST_KEY_UILaunchStoryboardName = LaunchScreen;
				INFOPLIST_KEY_UISupportedInterfaceOrientations = UIInterfaceOrientationPortrait;
				INFOPLIST_KEY_UISupportedInterfaceOrientations_iPad = "UIInterfaceOrientationLandscapeLeft UIInterfaceOrientationLandscapeRight UIInterfaceOrientationPortrait UIInterfaceOrientationPortraitUpsideDown";
				IPHONEOS_DEPLOYMENT_TARGET = 16.0;
				LD_RUNPATH_SEARCH_PATHS = (
					"$(inherited)",
					"@executable_path/Frameworks",
				);
				MARKETING_VERSION = 1.0;
				PRODUCT_BUNDLE_IDENTIFIER = "ajy.github-actions";
				PRODUCT_NAME = "$(TARGET_NAME)";
				SUPPORTED_PLATFORMS = "iphoneos iphonesimulator";
				SUPPORTS_MACCATALYST = NO;
				SUPPORTS_MAC_DESIGNED_FOR_IPHONE_IPAD = YES;
				SWIFT_EMIT_LOC_STRINGS = YES;
				SWIFT_VERSION = 5.0;
				TARGETED_DEVICE_FAMILY = 1;
			};
			name = Release;
		};
		4994774C29F1318E00FC4E3C /* Debug */ = {
			isa = XCBuildConfiguration;
			buildSettings = {
				ALWAYS_EMBED_SWIFT_STANDARD_LIBRARIES = YES;
				BUNDLE_LOADER = "$(TEST_HOST)";
				CODE_SIGN_STYLE = Automatic;
				CURRENT_PROJECT_VERSION = 1;
				DEVELOPMENT_TEAM = VGKKY4727B;
				GENERATE_INFOPLIST_FILE = YES;
				IPHONEOS_DEPLOYMENT_TARGET = 16.0;
				MARKETING_VERSION = 1.0;
				PRODUCT_BUNDLE_IDENTIFIER = "ajy.github-actions.GithubActionsTests";
				PRODUCT_NAME = "$(TARGET_NAME)";
				SWIFT_EMIT_LOC_STRINGS = NO;
				SWIFT_VERSION = 5.0;
				TARGETED_DEVICE_FAMILY = "1,2";
				TEST_HOST = "$(BUILT_PRODUCTS_DIR)/GithubActions.app/$(BUNDLE_EXECUTABLE_FOLDER_PATH)/GithubActions";
			};
			name = Debug;
		};
		4994774D29F1318E00FC4E3C /* Release */ = {
			isa = XCBuildConfiguration;
			buildSettings = {
				ALWAYS_EMBED_SWIFT_STANDARD_LIBRARIES = YES;
				BUNDLE_LOADER = "$(TEST_HOST)";
				CODE_SIGN_STYLE = Automatic;
				CURRENT_PROJECT_VERSION = 1;
				DEVELOPMENT_TEAM = VGKKY4727B;
				GENERATE_INFOPLIST_FILE = YES;
				IPHONEOS_DEPLOYMENT_TARGET = 16.0;
				MARKETING_VERSION = 1.0;
				PRODUCT_BUNDLE_IDENTIFIER = "ajy.github-actions.GithubActionsTests";
				PRODUCT_NAME = "$(TARGET_NAME)";
				SWIFT_EMIT_LOC_STRINGS = NO;
				SWIFT_VERSION = 5.0;
				TARGETED_DEVICE_FAMILY = "1,2";
				TEST_HOST = "$(BUILT_PRODUCTS_DIR)/GithubActions.app/$(BUNDLE_EXECUTABLE_FOLDER_PATH)/GithubActions";
			};
			name = Release;
		};
/* End XCBuildConfiguration section */

/* Begin XCConfigurationList section */
		4994771929F1318D00FC4E3C /* Build configuration list for PBXProject "GithubActions" */ = {
			isa = XCConfigurationList;
			buildConfigurations = (
				4994774629F1318E00FC4E3C /* Debug */,
				4994774729F1318E00FC4E3C /* Release */,
			);
			defaultConfigurationIsVisible = 0;
			defaultConfigurationName = Release;
		};
		4994774829F1318E00FC4E3C /* Build configuration list for PBXNativeTarget "GithubActions" */ = {
			isa = XCConfigurationList;
			buildConfigurations = (
				4994774929F1318E00FC4E3C /* Debug */,
				4994774A29F1318E00FC4E3C /* Release */,
			);
			defaultConfigurationIsVisible = 0;
			defaultConfigurationName = Release;
		};
		4994774B29F1318E00FC4E3C /* Build configuration list for PBXNativeTarget "GithubActionsTests" */ = {
			isa = XCConfigurationList;
			buildConfigurations = (
				4994774C29F1318E00FC4E3C /* Debug */,
				4994774D29F1318E00FC4E3C /* Release */,
			);
			defaultConfigurationIsVisible = 0;
			defaultConfigurationName = Release;
		};
/* End XCConfigurationList section */
	};
	rootObject = 4994771629F1318D00FC4E3C /* Project object */;
}
